{
  "version": 4,
  "terraform_version": "1.0.11",
  "serial": 41,
  "lineage": "f743730e-63e3-49b0-67d3-22ae6977a094",
  "outputs": {
    "ngw_ip": {
      "value": "52.152.242.253",
      "type": "string"
    },
    "virtual_network_id": {
      "value": "/subscriptions/e2cfb4d1-0f82-4e02-b479-bb7896e8d4be/resourceGroups/devops-dev-rg-fmrtuf/providers/Microsoft.Network/virtualNetworks/devops-dev-vnet",
      "type": "string"
    },
    "virtual_network_name": {
      "value": "devops-dev-vnet",
      "type": "string"
    },
    "web_subnet_id": {
      "value": "/subscriptions/e2cfb4d1-0f82-4e02-b479-bb7896e8d4be/resourceGroups/devops-dev-rg-fmrtuf/providers/Microsoft.Network/virtualNetworks/devops-dev-vnet/subnets/devops-dev-vnet-websubnet",
      "type": "string"
    },
    "web_subnet_name": {
      "value": "devops-dev-vnet-websubnet",
      "type": "string"
    },
    "web_subnet_nsg_id": {
      "value": "/subscriptions/e2cfb4d1-0f82-4e02-b479-bb7896e8d4be/resourceGroups/devops-dev-rg-fmrtuf/providers/Microsoft.Network/networkSecurityGroups/devops-dev-vnet-websubnet-nsg",
      "type": "string"
    },
    "web_subnet_nsg_name": {
      "value": "devops-dev-vnet-websubnet-nsg",
      "type": "string"
    }
  },
  "resources": [
    {
      "mode": "managed",
      "type": "azurerm_nat_gateway",
      "name": "ngw",
      "provider": "provider[\"registry.terraform.io/hashicorp/azurerm\"]",
      "instances": [
        {
          "schema_version": 0,
          "attributes": {
            "id": "/subscriptions/e2cfb4d1-0f82-4e02-b479-bb7896e8d4be/resourceGroups/devops-dev-rg-fmrtuf/providers/Microsoft.Network/natGateways/nat-Gateway",
            "idle_timeout_in_minutes": 10,
            "location": "eastus",
            "name": "nat-Gateway",
            "public_ip_address_ids": [
              "/subscriptions/e2cfb4d1-0f82-4e02-b479-bb7896e8d4be/resourceGroups/devops-dev-rg-fmrtuf/providers/Microsoft.Network/publicIPAddresses/nat-gateway-publicIP"
            ],
            "public_ip_prefix_ids": [
              "/subscriptions/e2cfb4d1-0f82-4e02-b479-bb7896e8d4be/resourceGroups/devops-dev-rg-fmrtuf/providers/Microsoft.Network/publicIPPrefixes/nat-gateway-publicIPPrefix"
            ],
            "resource_group_name": "devops-dev-rg-fmrtuf",
            "resource_guid": "bc62dc52-6554-49f3-9324-95a21356b7f5",
            "sku_name": "Standard",
            "tags": {},
            "timeouts": null,
            "zones": []
          },
          "sensitive_attributes": [],
          "private": "eyJlMmJmYjczMC1lY2FhLTExZTYtOGY4OC0zNDM2M2JjN2M0YzAiOnsiY3JlYXRlIjozNjAwMDAwMDAwMDAwLCJkZWxldGUiOjM2MDAwMDAwMDAwMDAsInJlYWQiOjMwMDAwMDAwMDAwMCwidXBkYXRlIjozNjAwMDAwMDAwMDAwfX0=",
          "dependencies": [
            "azurerm_resource_group.rg",
            "random_string.myrandom"
          ]
        }
      ]
    },
    {
      "mode": "managed",
      "type": "azurerm_nat_gateway_public_ip_association",
      "name": "ngw_ip_asso",
      "provider": "provider[\"registry.terraform.io/hashicorp/azurerm\"]",
      "instances": [
        {
          "schema_version": 0,
          "attributes": {
            "id": "/subscriptions/e2cfb4d1-0f82-4e02-b479-bb7896e8d4be/resourceGroups/devops-dev-rg-fmrtuf/providers/Microsoft.Network/natGateways/nat-Gateway|/subscriptions/e2cfb4d1-0f82-4e02-b479-bb7896e8d4be/resourceGroups/devops-dev-rg-fmrtuf/providers/Microsoft.Network/publicIPAddresses/nat-gateway-publicIP",
            "nat_gateway_id": "/subscriptions/e2cfb4d1-0f82-4e02-b479-bb7896e8d4be/resourceGroups/devops-dev-rg-fmrtuf/providers/Microsoft.Network/natGateways/nat-Gateway",
            "public_ip_address_id": "/subscriptions/e2cfb4d1-0f82-4e02-b479-bb7896e8d4be/resourceGroups/devops-dev-rg-fmrtuf/providers/Microsoft.Network/publicIPAddresses/nat-gateway-publicIP",
            "timeouts": null
          },
          "sensitive_attributes": [],
          "private": "eyJlMmJmYjczMC1lY2FhLTExZTYtOGY4OC0zNDM2M2JjN2M0YzAiOnsiY3JlYXRlIjoxODAwMDAwMDAwMDAwLCJkZWxldGUiOjE4MDAwMDAwMDAwMDAsInJlYWQiOjMwMDAwMDAwMDAwMH19",
          "dependencies": [
            "azurerm_nat_gateway.ngw",
            "azurerm_public_ip.ngw_ip",
            "azurerm_resource_group.rg",
            "random_string.myrandom"
          ]
        }
      ]
    },
    {
      "mode": "managed",
      "type": "azurerm_nat_gateway_public_ip_prefix_association",
      "name": "ngw_ip_prefix_asso",
      "provider": "provider[\"registry.terraform.io/hashicorp/azurerm\"]",
      "instances": [
        {
          "schema_version": 0,
          "attributes": {
            "id": "/subscriptions/e2cfb4d1-0f82-4e02-b479-bb7896e8d4be/resourceGroups/devops-dev-rg-fmrtuf/providers/Microsoft.Network/natGateways/nat-Gateway|/subscriptions/e2cfb4d1-0f82-4e02-b479-bb7896e8d4be/resourceGroups/devops-dev-rg-fmrtuf/providers/Microsoft.Network/publicIPPrefixes/nat-gateway-publicIPPrefix",
            "nat_gateway_id": "/subscriptions/e2cfb4d1-0f82-4e02-b479-bb7896e8d4be/resourceGroups/devops-dev-rg-fmrtuf/providers/Microsoft.Network/natGateways/nat-Gateway",
            "public_ip_prefix_id": "/subscriptions/e2cfb4d1-0f82-4e02-b479-bb7896e8d4be/resourceGroups/devops-dev-rg-fmrtuf/providers/Microsoft.Network/publicIPPrefixes/nat-gateway-publicIPPrefix",
            "timeouts": null
          },
          "sensitive_attributes": [],
          "private": "eyJlMmJmYjczMC1lY2FhLTExZTYtOGY4OC0zNDM2M2JjN2M0YzAiOnsiY3JlYXRlIjoxODAwMDAwMDAwMDAwLCJkZWxldGUiOjE4MDAwMDAwMDAwMDAsInJlYWQiOjMwMDAwMDAwMDAwMH19",
          "dependencies": [
            "azurerm_resource_group.rg",
            "random_string.myrandom",
            "azurerm_nat_gateway.ngw",
            "azurerm_public_ip_prefix.ngw_ip_prefix"
          ]
        }
      ]
    },
    {
      "mode": "managed",
      "type": "azurerm_network_security_group",
      "name": "app_subnet_nsg",
      "provider": "provider[\"registry.terraform.io/hashicorp/azurerm\"]",
      "instances": [
        {
          "schema_version": 0,
          "attributes": {
            "id": "/subscriptions/e2cfb4d1-0f82-4e02-b479-bb7896e8d4be/resourceGroups/devops-dev-rg-fmrtuf/providers/Microsoft.Network/networkSecurityGroups/devops-dev-vnet-appsubnet-nsg",
            "location": "eastus",
            "name": "devops-dev-vnet-appsubnet-nsg",
            "resource_group_name": "devops-dev-rg-fmrtuf",
            "security_rule": [
              {
                "access": "Allow",
                "description": "",
                "destination_address_prefix": "*",
                "destination_address_prefixes": [],
                "destination_application_security_group_ids": [],
                "destination_port_range": "22",
                "destination_port_ranges": [],
                "direction": "Inbound",
                "name": "Rule-Port-22",
                "priority": 130,
                "protocol": "Tcp",
                "source_address_prefix": "*",
                "source_address_prefixes": [],
                "source_application_security_group_ids": [],
                "source_port_range": "*",
                "source_port_ranges": []
              },
              {
                "access": "Allow",
                "description": "",
                "destination_address_prefix": "*",
                "destination_address_prefixes": [],
                "destination_application_security_group_ids": [],
                "destination_port_range": "443",
                "destination_port_ranges": [],
                "direction": "Inbound",
                "name": "Rule-Port-443",
                "priority": 110,
                "protocol": "Tcp",
                "source_address_prefix": "*",
                "source_address_prefixes": [],
                "source_application_security_group_ids": [],
                "source_port_range": "*",
                "source_port_ranges": []
              },
              {
                "access": "Allow",
                "description": "",
                "destination_address_prefix": "*",
                "destination_address_prefixes": [],
                "destination_application_security_group_ids": [],
                "destination_port_range": "80",
                "destination_port_ranges": [],
                "direction": "Inbound",
                "name": "Rule-Port-80",
                "priority": 100,
                "protocol": "Tcp",
                "source_address_prefix": "*",
                "source_address_prefixes": [],
                "source_application_security_group_ids": [],
                "source_port_range": "*",
                "source_port_ranges": []
              },
              {
                "access": "Allow",
                "description": "",
                "destination_address_prefix": "*",
                "destination_address_prefixes": [],
                "destination_application_security_group_ids": [],
                "destination_port_range": "8080",
                "destination_port_ranges": [],
                "direction": "Inbound",
                "name": "Rule-Port-8080",
                "priority": 120,
                "protocol": "Tcp",
                "source_address_prefix": "*",
                "source_address_prefixes": [],
                "source_application_security_group_ids": [],
                "source_port_range": "*",
                "source_port_ranges": []
              }
            ],
            "tags": {},
            "timeouts": null
          },
          "sensitive_attributes": [],
          "private": "eyJlMmJmYjczMC1lY2FhLTExZTYtOGY4OC0zNDM2M2JjN2M0YzAiOnsiY3JlYXRlIjoxODAwMDAwMDAwMDAwLCJkZWxldGUiOjE4MDAwMDAwMDAwMDAsInJlYWQiOjMwMDAwMDAwMDAwMCwidXBkYXRlIjoxODAwMDAwMDAwMDAwfX0=",
          "dependencies": [
            "azurerm_subnet.appsubnet",
            "azurerm_virtual_network.vnet",
            "random_string.myrandom",
            "azurerm_resource_group.rg"
          ]
        }
      ]
    },
    {
      "mode": "managed",
      "type": "azurerm_network_security_group",
      "name": "bastion_subnet_nsg",
      "provider": "provider[\"registry.terraform.io/hashicorp/azurerm\"]",
      "instances": [
        {
          "schema_version": 0,
          "attributes": {
            "id": "/subscriptions/e2cfb4d1-0f82-4e02-b479-bb7896e8d4be/resourceGroups/devops-dev-rg-fmrtuf/providers/Microsoft.Network/networkSecurityGroups/devops-dev-vnet-bastionsubnet-nsg",
            "location": "eastus",
            "name": "devops-dev-vnet-bastionsubnet-nsg",
            "resource_group_name": "devops-dev-rg-fmrtuf",
            "security_rule": [
              {
                "access": "Allow",
                "description": "",
                "destination_address_prefix": "*",
                "destination_address_prefixes": [],
                "destination_application_security_group_ids": [],
                "destination_port_range": "22",
                "destination_port_ranges": [],
                "direction": "Inbound",
                "name": "Rule-Port-22",
                "priority": 100,
                "protocol": "Tcp",
                "source_address_prefix": "*",
                "source_address_prefixes": [],
                "source_application_security_group_ids": [],
                "source_port_range": "*",
                "source_port_ranges": []
              },
              {
                "access": "Allow",
                "description": "",
                "destination_address_prefix": "*",
                "destination_address_prefixes": [],
                "destination_application_security_group_ids": [],
                "destination_port_range": "3389",
                "destination_port_ranges": [],
                "direction": "Inbound",
                "name": "Rule-Port-3389",
                "priority": 110,
                "protocol": "Tcp",
                "source_address_prefix": "*",
                "source_address_prefixes": [],
                "source_application_security_group_ids": [],
                "source_port_range": "*",
                "source_port_ranges": []
              }
            ],
            "tags": {},
            "timeouts": null
          },
          "sensitive_attributes": [],
          "private": "eyJlMmJmYjczMC1lY2FhLTExZTYtOGY4OC0zNDM2M2JjN2M0YzAiOnsiY3JlYXRlIjoxODAwMDAwMDAwMDAwLCJkZWxldGUiOjE4MDAwMDAwMDAwMDAsInJlYWQiOjMwMDAwMDAwMDAwMCwidXBkYXRlIjoxODAwMDAwMDAwMDAwfX0=",
          "dependencies": [
            "random_string.myrandom",
            "azurerm_resource_group.rg",
            "azurerm_subnet.bastionsubnet",
            "azurerm_virtual_network.vnet"
          ]
        }
      ]
    },
    {
      "mode": "managed",
      "type": "azurerm_network_security_group",
      "name": "db_subnet_nsg",
      "provider": "provider[\"registry.terraform.io/hashicorp/azurerm\"]",
      "instances": [
        {
          "schema_version": 0,
          "attributes": {
            "id": "/subscriptions/e2cfb4d1-0f82-4e02-b479-bb7896e8d4be/resourceGroups/devops-dev-rg-fmrtuf/providers/Microsoft.Network/networkSecurityGroups/devops-dev-vnet-dbsubnet-nsg",
            "location": "eastus",
            "name": "devops-dev-vnet-dbsubnet-nsg",
            "resource_group_name": "devops-dev-rg-fmrtuf",
            "security_rule": [
              {
                "access": "Allow",
                "description": "",
                "destination_address_prefix": "*",
                "destination_address_prefixes": [],
                "destination_application_security_group_ids": [],
                "destination_port_range": "1433",
                "destination_port_ranges": [],
                "direction": "Inbound",
                "name": "Rule-Port-1433",
                "priority": 110,
                "protocol": "Tcp",
                "source_address_prefix": "*",
                "source_address_prefixes": [],
                "source_application_security_group_ids": [],
                "source_port_range": "*",
                "source_port_ranges": []
              },
              {
                "access": "Allow",
                "description": "",
                "destination_address_prefix": "*",
                "destination_address_prefixes": [],
                "destination_application_security_group_ids": [],
                "destination_port_range": "3306",
                "destination_port_ranges": [],
                "direction": "Inbound",
                "name": "Rule-Port-3306",
                "priority": 100,
                "protocol": "Tcp",
                "source_address_prefix": "*",
                "source_address_prefixes": [],
                "source_application_security_group_ids": [],
                "source_port_range": "*",
                "source_port_ranges": []
              },
              {
                "access": "Allow",
                "description": "",
                "destination_address_prefix": "*",
                "destination_address_prefixes": [],
                "destination_application_security_group_ids": [],
                "destination_port_range": "5432",
                "destination_port_ranges": [],
                "direction": "Inbound",
                "name": "Rule-Port-5432",
                "priority": 120,
                "protocol": "Tcp",
                "source_address_prefix": "*",
                "source_address_prefixes": [],
                "source_application_security_group_ids": [],
                "source_port_range": "*",
                "source_port_ranges": []
              }
            ],
            "tags": {},
            "timeouts": null
          },
          "sensitive_attributes": [],
          "private": "eyJlMmJmYjczMC1lY2FhLTExZTYtOGY4OC0zNDM2M2JjN2M0YzAiOnsiY3JlYXRlIjoxODAwMDAwMDAwMDAwLCJkZWxldGUiOjE4MDAwMDAwMDAwMDAsInJlYWQiOjMwMDAwMDAwMDAwMCwidXBkYXRlIjoxODAwMDAwMDAwMDAwfX0=",
          "dependencies": [
            "azurerm_virtual_network.vnet",
            "random_string.myrandom",
            "azurerm_resource_group.rg",
            "azurerm_subnet.dbsubnet"
          ]
        }
      ]
    },
    {
      "mode": "managed",
      "type": "azurerm_network_security_group",
      "name": "web_subnet_nsg",
      "provider": "provider[\"registry.terraform.io/hashicorp/azurerm\"]",
      "instances": [
        {
          "schema_version": 0,
          "attributes": {
            "id": "/subscriptions/e2cfb4d1-0f82-4e02-b479-bb7896e8d4be/resourceGroups/devops-dev-rg-fmrtuf/providers/Microsoft.Network/networkSecurityGroups/devops-dev-vnet-websubnet-nsg",
            "location": "eastus",
            "name": "devops-dev-vnet-websubnet-nsg",
            "resource_group_name": "devops-dev-rg-fmrtuf",
            "security_rule": [
              {
                "access": "Allow",
                "description": "",
                "destination_address_prefix": "*",
                "destination_address_prefixes": [],
                "destination_application_security_group_ids": [],
                "destination_port_range": "22",
                "destination_port_ranges": [],
                "direction": "Inbound",
                "name": "Rule-Port-22",
                "priority": 120,
                "protocol": "Tcp",
                "source_address_prefix": "*",
                "source_address_prefixes": [],
                "source_application_security_group_ids": [],
                "source_port_range": "*",
                "source_port_ranges": []
              },
              {
                "access": "Allow",
                "description": "",
                "destination_address_prefix": "*",
                "destination_address_prefixes": [],
                "destination_application_security_group_ids": [],
                "destination_port_range": "443",
                "destination_port_ranges": [],
                "direction": "Inbound",
                "name": "Rule-Port-443",
                "priority": 110,
                "protocol": "Tcp",
                "source_address_prefix": "*",
                "source_address_prefixes": [],
                "source_application_security_group_ids": [],
                "source_port_range": "*",
                "source_port_ranges": []
              },
              {
                "access": "Allow",
                "description": "",
                "destination_address_prefix": "*",
                "destination_address_prefixes": [],
                "destination_application_security_group_ids": [],
                "destination_port_range": "80",
                "destination_port_ranges": [],
                "direction": "Inbound",
                "name": "Rule-Port-80",
                "priority": 100,
                "protocol": "Tcp",
                "source_address_prefix": "*",
                "source_address_prefixes": [],
                "source_application_security_group_ids": [],
                "source_port_range": "*",
                "source_port_ranges": []
              }
            ],
            "tags": {},
            "timeouts": null
          },
          "sensitive_attributes": [],
          "private": "eyJlMmJmYjczMC1lY2FhLTExZTYtOGY4OC0zNDM2M2JjN2M0YzAiOnsiY3JlYXRlIjoxODAwMDAwMDAwMDAwLCJkZWxldGUiOjE4MDAwMDAwMDAwMDAsInJlYWQiOjMwMDAwMDAwMDAwMCwidXBkYXRlIjoxODAwMDAwMDAwMDAwfX0=",
          "dependencies": [
            "azurerm_virtual_network.vnet",
            "random_string.myrandom",
            "azurerm_resource_group.rg",
            "azurerm_subnet.websubnet"
          ]
        }
      ]
    },
    {
      "mode": "managed",
      "type": "azurerm_network_security_rule",
      "name": "app_nsg_rule_inbound",
      "provider": "provider[\"registry.terraform.io/hashicorp/azurerm\"]",
      "instances": [
        {
          "index_key": "100",
          "schema_version": 0,
          "attributes": {
            "access": "Allow",
            "description": "",
            "destination_address_prefix": "*",
            "destination_address_prefixes": [],
            "destination_application_security_group_ids": [],
            "destination_port_range": "80",
            "destination_port_ranges": [],
            "direction": "Inbound",
            "id": "/subscriptions/e2cfb4d1-0f82-4e02-b479-bb7896e8d4be/resourceGroups/devops-dev-rg-fmrtuf/providers/Microsoft.Network/networkSecurityGroups/devops-dev-vnet-appsubnet-nsg/securityRules/Rule-Port-80",
            "name": "Rule-Port-80",
            "network_security_group_name": "devops-dev-vnet-appsubnet-nsg",
            "priority": 100,
            "protocol": "Tcp",
            "resource_group_name": "devops-dev-rg-fmrtuf",
            "source_address_prefix": "*",
            "source_address_prefixes": [],
            "source_application_security_group_ids": [],
            "source_port_range": "*",
            "source_port_ranges": [],
            "timeouts": null
          },
          "sensitive_attributes": [],
          "private": "eyJlMmJmYjczMC1lY2FhLTExZTYtOGY4OC0zNDM2M2JjN2M0YzAiOnsiY3JlYXRlIjoxODAwMDAwMDAwMDAwLCJkZWxldGUiOjE4MDAwMDAwMDAwMDAsInJlYWQiOjMwMDAwMDAwMDAwMCwidXBkYXRlIjoxODAwMDAwMDAwMDAwfX0=",
          "dependencies": [
            "azurerm_network_security_group.app_subnet_nsg",
            "azurerm_resource_group.rg",
            "azurerm_subnet.appsubnet",
            "azurerm_virtual_network.vnet",
            "random_string.myrandom"
          ]
        },
        {
          "index_key": "110",
          "schema_version": 0,
          "attributes": {
            "access": "Allow",
            "description": "",
            "destination_address_prefix": "*",
            "destination_address_prefixes": [],
            "destination_application_security_group_ids": [],
            "destination_port_range": "443",
            "destination_port_ranges": [],
            "direction": "Inbound",
            "id": "/subscriptions/e2cfb4d1-0f82-4e02-b479-bb7896e8d4be/resourceGroups/devops-dev-rg-fmrtuf/providers/Microsoft.Network/networkSecurityGroups/devops-dev-vnet-appsubnet-nsg/securityRules/Rule-Port-443",
            "name": "Rule-Port-443",
            "network_security_group_name": "devops-dev-vnet-appsubnet-nsg",
            "priority": 110,
            "protocol": "Tcp",
            "resource_group_name": "devops-dev-rg-fmrtuf",
            "source_address_prefix": "*",
            "source_address_prefixes": [],
            "source_application_security_group_ids": [],
            "source_port_range": "*",
            "source_port_ranges": [],
            "timeouts": null
          },
          "sensitive_attributes": [],
          "private": "eyJlMmJmYjczMC1lY2FhLTExZTYtOGY4OC0zNDM2M2JjN2M0YzAiOnsiY3JlYXRlIjoxODAwMDAwMDAwMDAwLCJkZWxldGUiOjE4MDAwMDAwMDAwMDAsInJlYWQiOjMwMDAwMDAwMDAwMCwidXBkYXRlIjoxODAwMDAwMDAwMDAwfX0=",
          "dependencies": [
            "azurerm_network_security_group.app_subnet_nsg",
            "azurerm_resource_group.rg",
            "azurerm_subnet.appsubnet",
            "azurerm_virtual_network.vnet",
            "random_string.myrandom"
          ]
        },
        {
          "index_key": "120",
          "schema_version": 0,
          "attributes": {
            "access": "Allow",
            "description": "",
            "destination_address_prefix": "*",
            "destination_address_prefixes": [],
            "destination_application_security_group_ids": [],
            "destination_port_range": "8080",
            "destination_port_ranges": [],
            "direction": "Inbound",
            "id": "/subscriptions/e2cfb4d1-0f82-4e02-b479-bb7896e8d4be/resourceGroups/devops-dev-rg-fmrtuf/providers/Microsoft.Network/networkSecurityGroups/devops-dev-vnet-appsubnet-nsg/securityRules/Rule-Port-8080",
            "name": "Rule-Port-8080",
            "network_security_group_name": "devops-dev-vnet-appsubnet-nsg",
            "priority": 120,
            "protocol": "Tcp",
            "resource_group_name": "devops-dev-rg-fmrtuf",
            "source_address_prefix": "*",
            "source_address_prefixes": [],
            "source_application_security_group_ids": [],
            "source_port_range": "*",
            "source_port_ranges": [],
            "timeouts": null
          },
          "sensitive_attributes": [],
          "private": "eyJlMmJmYjczMC1lY2FhLTExZTYtOGY4OC0zNDM2M2JjN2M0YzAiOnsiY3JlYXRlIjoxODAwMDAwMDAwMDAwLCJkZWxldGUiOjE4MDAwMDAwMDAwMDAsInJlYWQiOjMwMDAwMDAwMDAwMCwidXBkYXRlIjoxODAwMDAwMDAwMDAwfX0=",
          "dependencies": [
            "azurerm_network_security_group.app_subnet_nsg",
            "azurerm_resource_group.rg",
            "azurerm_subnet.appsubnet",
            "azurerm_virtual_network.vnet",
            "random_string.myrandom"
          ]
        },
        {
          "index_key": "130",
          "schema_version": 0,
          "attributes": {
            "access": "Allow",
            "description": "",
            "destination_address_prefix": "*",
            "destination_address_prefixes": [],
            "destination_application_security_group_ids": [],
            "destination_port_range": "22",
            "destination_port_ranges": [],
            "direction": "Inbound",
            "id": "/subscriptions/e2cfb4d1-0f82-4e02-b479-bb7896e8d4be/resourceGroups/devops-dev-rg-fmrtuf/providers/Microsoft.Network/networkSecurityGroups/devops-dev-vnet-appsubnet-nsg/securityRules/Rule-Port-22",
            "name": "Rule-Port-22",
            "network_security_group_name": "devops-dev-vnet-appsubnet-nsg",
            "priority": 130,
            "protocol": "Tcp",
            "resource_group_name": "devops-dev-rg-fmrtuf",
            "source_address_prefix": "*",
            "source_address_prefixes": [],
            "source_application_security_group_ids": [],
            "source_port_range": "*",
            "source_port_ranges": [],
            "timeouts": null
          },
          "sensitive_attributes": [],
          "private": "eyJlMmJmYjczMC1lY2FhLTExZTYtOGY4OC0zNDM2M2JjN2M0YzAiOnsiY3JlYXRlIjoxODAwMDAwMDAwMDAwLCJkZWxldGUiOjE4MDAwMDAwMDAwMDAsInJlYWQiOjMwMDAwMDAwMDAwMCwidXBkYXRlIjoxODAwMDAwMDAwMDAwfX0=",
          "dependencies": [
            "azurerm_subnet.appsubnet",
            "azurerm_virtual_network.vnet",
            "random_string.myrandom",
            "azurerm_network_security_group.app_subnet_nsg",
            "azurerm_resource_group.rg"
          ]
        }
      ]
    },
    {
      "mode": "managed",
      "type": "azurerm_network_security_rule",
      "name": "bastion_nsg_rule_inbound",
      "provider": "provider[\"registry.terraform.io/hashicorp/azurerm\"]",
      "instances": [
        {
          "index_key": "100",
          "schema_version": 0,
          "attributes": {
            "access": "Allow",
            "description": "",
            "destination_address_prefix": "*",
            "destination_address_prefixes": [],
            "destination_application_security_group_ids": [],
            "destination_port_range": "22",
            "destination_port_ranges": [],
            "direction": "Inbound",
            "id": "/subscriptions/e2cfb4d1-0f82-4e02-b479-bb7896e8d4be/resourceGroups/devops-dev-rg-fmrtuf/providers/Microsoft.Network/networkSecurityGroups/devops-dev-vnet-bastionsubnet-nsg/securityRules/Rule-Port-22",
            "name": "Rule-Port-22",
            "network_security_group_name": "devops-dev-vnet-bastionsubnet-nsg",
            "priority": 100,
            "protocol": "Tcp",
            "resource_group_name": "devops-dev-rg-fmrtuf",
            "source_address_prefix": "*",
            "source_address_prefixes": [],
            "source_application_security_group_ids": [],
            "source_port_range": "*",
            "source_port_ranges": [],
            "timeouts": null
          },
          "sensitive_attributes": [],
          "private": "eyJlMmJmYjczMC1lY2FhLTExZTYtOGY4OC0zNDM2M2JjN2M0YzAiOnsiY3JlYXRlIjoxODAwMDAwMDAwMDAwLCJkZWxldGUiOjE4MDAwMDAwMDAwMDAsInJlYWQiOjMwMDAwMDAwMDAwMCwidXBkYXRlIjoxODAwMDAwMDAwMDAwfX0=",
          "dependencies": [
            "random_string.myrandom",
            "azurerm_network_security_group.bastion_subnet_nsg",
            "azurerm_resource_group.rg",
            "azurerm_subnet.bastionsubnet",
            "azurerm_virtual_network.vnet"
          ]
        },
        {
          "index_key": "110",
          "schema_version": 0,
          "attributes": {
            "access": "Allow",
            "description": "",
            "destination_address_prefix": "*",
            "destination_address_prefixes": [],
            "destination_application_security_group_ids": [],
            "destination_port_range": "3389",
            "destination_port_ranges": [],
            "direction": "Inbound",
            "id": "/subscriptions/e2cfb4d1-0f82-4e02-b479-bb7896e8d4be/resourceGroups/devops-dev-rg-fmrtuf/providers/Microsoft.Network/networkSecurityGroups/devops-dev-vnet-bastionsubnet-nsg/securityRules/Rule-Port-3389",
            "name": "Rule-Port-3389",
            "network_security_group_name": "devops-dev-vnet-bastionsubnet-nsg",
            "priority": 110,
            "protocol": "Tcp",
            "resource_group_name": "devops-dev-rg-fmrtuf",
            "source_address_prefix": "*",
            "source_address_prefixes": [],
            "source_application_security_group_ids": [],
            "source_port_range": "*",
            "source_port_ranges": [],
            "timeouts": null
          },
          "sensitive_attributes": [],
          "private": "eyJlMmJmYjczMC1lY2FhLTExZTYtOGY4OC0zNDM2M2JjN2M0YzAiOnsiY3JlYXRlIjoxODAwMDAwMDAwMDAwLCJkZWxldGUiOjE4MDAwMDAwMDAwMDAsInJlYWQiOjMwMDAwMDAwMDAwMCwidXBkYXRlIjoxODAwMDAwMDAwMDAwfX0=",
          "dependencies": [
            "azurerm_network_security_group.bastion_subnet_nsg",
            "azurerm_resource_group.rg",
            "azurerm_subnet.bastionsubnet",
            "azurerm_virtual_network.vnet",
            "random_string.myrandom"
          ]
        }
      ]
    },
    {
      "mode": "managed",
      "type": "azurerm_network_security_rule",
      "name": "db_nsg_rule_inbound",
      "provider": "provider[\"registry.terraform.io/hashicorp/azurerm\"]",
      "instances": [
        {
          "index_key": "100",
          "schema_version": 0,
          "attributes": {
            "access": "Allow",
            "description": "",
            "destination_address_prefix": "*",
            "destination_address_prefixes": [],
            "destination_application_security_group_ids": [],
            "destination_port_range": "3306",
            "destination_port_ranges": [],
            "direction": "Inbound",
            "id": "/subscriptions/e2cfb4d1-0f82-4e02-b479-bb7896e8d4be/resourceGroups/devops-dev-rg-fmrtuf/providers/Microsoft.Network/networkSecurityGroups/devops-dev-vnet-dbsubnet-nsg/securityRules/Rule-Port-3306",
            "name": "Rule-Port-3306",
            "network_security_group_name": "devops-dev-vnet-dbsubnet-nsg",
            "priority": 100,
            "protocol": "Tcp",
            "resource_group_name": "devops-dev-rg-fmrtuf",
            "source_address_prefix": "*",
            "source_address_prefixes": [],
            "source_application_security_group_ids": [],
            "source_port_range": "*",
            "source_port_ranges": [],
            "timeouts": null
          },
          "sensitive_attributes": [],
          "private": "eyJlMmJmYjczMC1lY2FhLTExZTYtOGY4OC0zNDM2M2JjN2M0YzAiOnsiY3JlYXRlIjoxODAwMDAwMDAwMDAwLCJkZWxldGUiOjE4MDAwMDAwMDAwMDAsInJlYWQiOjMwMDAwMDAwMDAwMCwidXBkYXRlIjoxODAwMDAwMDAwMDAwfX0=",
          "dependencies": [
            "azurerm_resource_group.rg",
            "azurerm_subnet.dbsubnet",
            "azurerm_virtual_network.vnet",
            "random_string.myrandom",
            "azurerm_network_security_group.db_subnet_nsg"
          ]
        },
        {
          "index_key": "110",
          "schema_version": 0,
          "attributes": {
            "access": "Allow",
            "description": "",
            "destination_address_prefix": "*",
            "destination_address_prefixes": [],
            "destination_application_security_group_ids": [],
            "destination_port_range": "1433",
            "destination_port_ranges": [],
            "direction": "Inbound",
            "id": "/subscriptions/e2cfb4d1-0f82-4e02-b479-bb7896e8d4be/resourceGroups/devops-dev-rg-fmrtuf/providers/Microsoft.Network/networkSecurityGroups/devops-dev-vnet-dbsubnet-nsg/securityRules/Rule-Port-1433",
            "name": "Rule-Port-1433",
            "network_security_group_name": "devops-dev-vnet-dbsubnet-nsg",
            "priority": 110,
            "protocol": "Tcp",
            "resource_group_name": "devops-dev-rg-fmrtuf",
            "source_address_prefix": "*",
            "source_address_prefixes": [],
            "source_application_security_group_ids": [],
            "source_port_range": "*",
            "source_port_ranges": [],
            "timeouts": null
          },
          "sensitive_attributes": [],
          "private": "eyJlMmJmYjczMC1lY2FhLTExZTYtOGY4OC0zNDM2M2JjN2M0YzAiOnsiY3JlYXRlIjoxODAwMDAwMDAwMDAwLCJkZWxldGUiOjE4MDAwMDAwMDAwMDAsInJlYWQiOjMwMDAwMDAwMDAwMCwidXBkYXRlIjoxODAwMDAwMDAwMDAwfX0=",
          "dependencies": [
            "azurerm_subnet.dbsubnet",
            "azurerm_virtual_network.vnet",
            "random_string.myrandom",
            "azurerm_network_security_group.db_subnet_nsg",
            "azurerm_resource_group.rg"
          ]
        },
        {
          "index_key": "120",
          "schema_version": 0,
          "attributes": {
            "access": "Allow",
            "description": "",
            "destination_address_prefix": "*",
            "destination_address_prefixes": [],
            "destination_application_security_group_ids": [],
            "destination_port_range": "5432",
            "destination_port_ranges": [],
            "direction": "Inbound",
            "id": "/subscriptions/e2cfb4d1-0f82-4e02-b479-bb7896e8d4be/resourceGroups/devops-dev-rg-fmrtuf/providers/Microsoft.Network/networkSecurityGroups/devops-dev-vnet-dbsubnet-nsg/securityRules/Rule-Port-5432",
            "name": "Rule-Port-5432",
            "network_security_group_name": "devops-dev-vnet-dbsubnet-nsg",
            "priority": 120,
            "protocol": "Tcp",
            "resource_group_name": "devops-dev-rg-fmrtuf",
            "source_address_prefix": "*",
            "source_address_prefixes": [],
            "source_application_security_group_ids": [],
            "source_port_range": "*",
            "source_port_ranges": [],
            "timeouts": null
          },
          "sensitive_attributes": [],
          "private": "eyJlMmJmYjczMC1lY2FhLTExZTYtOGY4OC0zNDM2M2JjN2M0YzAiOnsiY3JlYXRlIjoxODAwMDAwMDAwMDAwLCJkZWxldGUiOjE4MDAwMDAwMDAwMDAsInJlYWQiOjMwMDAwMDAwMDAwMCwidXBkYXRlIjoxODAwMDAwMDAwMDAwfX0=",
          "dependencies": [
            "random_string.myrandom",
            "azurerm_network_security_group.db_subnet_nsg",
            "azurerm_resource_group.rg",
            "azurerm_subnet.dbsubnet",
            "azurerm_virtual_network.vnet"
          ]
        }
      ]
    },
    {
      "mode": "managed",
      "type": "azurerm_network_security_rule",
      "name": "web_nsg_rule_inbound",
      "provider": "provider[\"registry.terraform.io/hashicorp/azurerm\"]",
      "instances": [
        {
          "index_key": "100",
          "schema_version": 0,
          "attributes": {
            "access": "Allow",
            "description": "",
            "destination_address_prefix": "*",
            "destination_address_prefixes": [],
            "destination_application_security_group_ids": [],
            "destination_port_range": "80",
            "destination_port_ranges": [],
            "direction": "Inbound",
            "id": "/subscriptions/e2cfb4d1-0f82-4e02-b479-bb7896e8d4be/resourceGroups/devops-dev-rg-fmrtuf/providers/Microsoft.Network/networkSecurityGroups/devops-dev-vnet-websubnet-nsg/securityRules/Rule-Port-80",
            "name": "Rule-Port-80",
            "network_security_group_name": "devops-dev-vnet-websubnet-nsg",
            "priority": 100,
            "protocol": "Tcp",
            "resource_group_name": "devops-dev-rg-fmrtuf",
            "source_address_prefix": "*",
            "source_address_prefixes": [],
            "source_application_security_group_ids": [],
            "source_port_range": "*",
            "source_port_ranges": [],
            "timeouts": null
          },
          "sensitive_attributes": [],
          "private": "eyJlMmJmYjczMC1lY2FhLTExZTYtOGY4OC0zNDM2M2JjN2M0YzAiOnsiY3JlYXRlIjoxODAwMDAwMDAwMDAwLCJkZWxldGUiOjE4MDAwMDAwMDAwMDAsInJlYWQiOjMwMDAwMDAwMDAwMCwidXBkYXRlIjoxODAwMDAwMDAwMDAwfX0=",
          "dependencies": [
            "azurerm_network_security_group.web_subnet_nsg",
            "azurerm_resource_group.rg",
            "azurerm_subnet.websubnet",
            "azurerm_virtual_network.vnet",
            "random_string.myrandom"
          ]
        },
        {
          "index_key": "110",
          "schema_version": 0,
          "attributes": {
            "access": "Allow",
            "description": "",
            "destination_address_prefix": "*",
            "destination_address_prefixes": [],
            "destination_application_security_group_ids": [],
            "destination_port_range": "443",
            "destination_port_ranges": [],
            "direction": "Inbound",
            "id": "/subscriptions/e2cfb4d1-0f82-4e02-b479-bb7896e8d4be/resourceGroups/devops-dev-rg-fmrtuf/providers/Microsoft.Network/networkSecurityGroups/devops-dev-vnet-websubnet-nsg/securityRules/Rule-Port-443",
            "name": "Rule-Port-443",
            "network_security_group_name": "devops-dev-vnet-websubnet-nsg",
            "priority": 110,
            "protocol": "Tcp",
            "resource_group_name": "devops-dev-rg-fmrtuf",
            "source_address_prefix": "*",
            "source_address_prefixes": [],
            "source_application_security_group_ids": [],
            "source_port_range": "*",
            "source_port_ranges": [],
            "timeouts": null
          },
          "sensitive_attributes": [],
          "private": "eyJlMmJmYjczMC1lY2FhLTExZTYtOGY4OC0zNDM2M2JjN2M0YzAiOnsiY3JlYXRlIjoxODAwMDAwMDAwMDAwLCJkZWxldGUiOjE4MDAwMDAwMDAwMDAsInJlYWQiOjMwMDAwMDAwMDAwMCwidXBkYXRlIjoxODAwMDAwMDAwMDAwfX0=",
          "dependencies": [
            "azurerm_subnet.websubnet",
            "azurerm_virtual_network.vnet",
            "random_string.myrandom",
            "azurerm_network_security_group.web_subnet_nsg",
            "azurerm_resource_group.rg"
          ]
        },
        {
          "index_key": "120",
          "schema_version": 0,
          "attributes": {
            "access": "Allow",
            "description": "",
            "destination_address_prefix": "*",
            "destination_address_prefixes": [],
            "destination_application_security_group_ids": [],
            "destination_port_range": "22",
            "destination_port_ranges": [],
            "direction": "Inbound",
            "id": "/subscriptions/e2cfb4d1-0f82-4e02-b479-bb7896e8d4be/resourceGroups/devops-dev-rg-fmrtuf/providers/Microsoft.Network/networkSecurityGroups/devops-dev-vnet-websubnet-nsg/securityRules/Rule-Port-22",
            "name": "Rule-Port-22",
            "network_security_group_name": "devops-dev-vnet-websubnet-nsg",
            "priority": 120,
            "protocol": "Tcp",
            "resource_group_name": "devops-dev-rg-fmrtuf",
            "source_address_prefix": "*",
            "source_address_prefixes": [],
            "source_application_security_group_ids": [],
            "source_port_range": "*",
            "source_port_ranges": [],
            "timeouts": null
          },
          "sensitive_attributes": [],
          "private": "eyJlMmJmYjczMC1lY2FhLTExZTYtOGY4OC0zNDM2M2JjN2M0YzAiOnsiY3JlYXRlIjoxODAwMDAwMDAwMDAwLCJkZWxldGUiOjE4MDAwMDAwMDAwMDAsInJlYWQiOjMwMDAwMDAwMDAwMCwidXBkYXRlIjoxODAwMDAwMDAwMDAwfX0=",
          "dependencies": [
            "azurerm_virtual_network.vnet",
            "random_string.myrandom",
            "azurerm_network_security_group.web_subnet_nsg",
            "azurerm_resource_group.rg",
            "azurerm_subnet.websubnet"
          ]
        }
      ]
    },
    {
      "mode": "managed",
      "type": "azurerm_public_ip",
      "name": "ngw_ip",
      "provider": "provider[\"registry.terraform.io/hashicorp/azurerm\"]",
      "instances": [
        {
          "schema_version": 0,
          "attributes": {
            "allocation_method": "Static",
            "availability_zone": "Zone-Redundant",
            "domain_name_label": null,
            "fqdn": null,
            "id": "/subscriptions/e2cfb4d1-0f82-4e02-b479-bb7896e8d4be/resourceGroups/devops-dev-rg-fmrtuf/providers/Microsoft.Network/publicIPAddresses/nat-gateway-publicIP",
            "idle_timeout_in_minutes": 4,
            "ip_address": "52.152.242.253",
            "ip_tags": {},
            "ip_version": "IPv4",
            "location": "eastus",
            "name": "nat-gateway-publicIP",
            "public_ip_prefix_id": null,
            "resource_group_name": "devops-dev-rg-fmrtuf",
            "reverse_fqdn": null,
            "sku": "Standard",
            "sku_tier": "Regional",
            "tags": {
              "environment": "dev",
              "owners": "devops"
            },
            "timeouts": null,
            "zones": []
          },
          "sensitive_attributes": [],
          "private": "eyJlMmJmYjczMC1lY2FhLTExZTYtOGY4OC0zNDM2M2JjN2M0YzAiOnsiY3JlYXRlIjoxODAwMDAwMDAwMDAwLCJkZWxldGUiOjE4MDAwMDAwMDAwMDAsInJlYWQiOjMwMDAwMDAwMDAwMCwidXBkYXRlIjoxODAwMDAwMDAwMDAwfX0=",
          "dependencies": [
            "random_string.myrandom",
            "azurerm_resource_group.rg"
          ]
        }
      ]
    },
    {
      "mode": "managed",
      "type": "azurerm_public_ip_prefix",
      "name": "ngw_ip_prefix",
      "provider": "provider[\"registry.terraform.io/hashicorp/azurerm\"]",
      "instances": [
        {
          "schema_version": 0,
          "attributes": {
            "availability_zone": "Zone-Redundant",
            "id": "/subscriptions/e2cfb4d1-0f82-4e02-b479-bb7896e8d4be/resourceGroups/devops-dev-rg-fmrtuf/providers/Microsoft.Network/publicIPPrefixes/nat-gateway-publicIPPrefix",
            "ip_prefix": "52.224.193.48/30",
            "ip_version": "IPv4",
            "location": "eastus",
            "name": "nat-gateway-publicIPPrefix",
            "prefix_length": 30,
            "resource_group_name": "devops-dev-rg-fmrtuf",
            "sku": "Standard",
            "tags": {},
            "timeouts": null,
            "zones": []
          },
          "sensitive_attributes": [],
          "private": "eyJlMmJmYjczMC1lY2FhLTExZTYtOGY4OC0zNDM2M2JjN2M0YzAiOnsiY3JlYXRlIjoxODAwMDAwMDAwMDAwLCJkZWxldGUiOjE4MDAwMDAwMDAwMDAsInJlYWQiOjMwMDAwMDAwMDAwMCwidXBkYXRlIjoxODAwMDAwMDAwMDAwfX0=",
          "dependencies": [
            "azurerm_resource_group.rg",
            "random_string.myrandom"
          ]
        }
      ]
    },
    {
      "mode": "managed",
      "type": "azurerm_resource_group",
      "name": "rg",
      "provider": "provider[\"registry.terraform.io/hashicorp/azurerm\"]",
      "instances": [
        {
          "schema_version": 0,
          "attributes": {
            "id": "/subscriptions/e2cfb4d1-0f82-4e02-b479-bb7896e8d4be/resourceGroups/devops-dev-rg-fmrtuf",
            "location": "eastus",
            "name": "devops-dev-rg-fmrtuf",
            "tags": {
              "environment": "dev",
              "owners": "devops"
            },
            "timeouts": null
          },
          "sensitive_attributes": [],
          "private": "eyJlMmJmYjczMC1lY2FhLTExZTYtOGY4OC0zNDM2M2JjN2M0YzAiOnsiY3JlYXRlIjo1NDAwMDAwMDAwMDAwLCJkZWxldGUiOjU0MDAwMDAwMDAwMDAsInJlYWQiOjMwMDAwMDAwMDAwMCwidXBkYXRlIjo1NDAwMDAwMDAwMDAwfX0=",
          "dependencies": [
            "random_string.myrandom"
          ]
        }
      ]
    },
    {
      "mode": "managed",
      "type": "azurerm_subnet",
      "name": "appsubnet",
      "provider": "provider[\"registry.terraform.io/hashicorp/azurerm\"]",
      "instances": [
        {
          "schema_version": 0,
          "attributes": {
            "address_prefix": "10.1.11.0/24",
            "address_prefixes": [
              "10.1.11.0/24"
            ],
            "delegation": [],
            "enforce_private_link_endpoint_network_policies": false,
            "enforce_private_link_service_network_policies": false,
            "id": "/subscriptions/e2cfb4d1-0f82-4e02-b479-bb7896e8d4be/resourceGroups/devops-dev-rg-fmrtuf/providers/Microsoft.Network/virtualNetworks/devops-dev-vnet/subnets/devops-dev-vnet-appsubnet",
            "name": "devops-dev-vnet-appsubnet",
            "resource_group_name": "devops-dev-rg-fmrtuf",
            "service_endpoint_policy_ids": [],
            "service_endpoints": [],
            "timeouts": null,
            "virtual_network_name": "devops-dev-vnet"
          },
          "sensitive_attributes": [],
          "private": "eyJlMmJmYjczMC1lY2FhLTExZTYtOGY4OC0zNDM2M2JjN2M0YzAiOnsiY3JlYXRlIjoxODAwMDAwMDAwMDAwLCJkZWxldGUiOjE4MDAwMDAwMDAwMDAsInJlYWQiOjMwMDAwMDAwMDAwMCwidXBkYXRlIjoxODAwMDAwMDAwMDAwfX0=",
          "dependencies": [
            "azurerm_resource_group.rg",
            "azurerm_virtual_network.vnet",
            "random_string.myrandom"
          ]
        }
      ]
    },
    {
      "mode": "managed",
      "type": "azurerm_subnet",
      "name": "bastionsubnet",
      "provider": "provider[\"registry.terraform.io/hashicorp/azurerm\"]",
      "instances": [
        {
          "schema_version": 0,
          "attributes": {
            "address_prefix": "10.1.100.0/24",
            "address_prefixes": [
              "10.1.100.0/24"
            ],
            "delegation": [],
            "enforce_private_link_endpoint_network_policies": false,
            "enforce_private_link_service_network_policies": false,
            "id": "/subscriptions/e2cfb4d1-0f82-4e02-b479-bb7896e8d4be/resourceGroups/devops-dev-rg-fmrtuf/providers/Microsoft.Network/virtualNetworks/devops-dev-vnet/subnets/devops-dev-vnet-bastionsubnet",
            "name": "devops-dev-vnet-bastionsubnet",
            "resource_group_name": "devops-dev-rg-fmrtuf",
            "service_endpoint_policy_ids": [],
            "service_endpoints": [],
            "timeouts": null,
            "virtual_network_name": "devops-dev-vnet"
          },
          "sensitive_attributes": [],
          "private": "eyJlMmJmYjczMC1lY2FhLTExZTYtOGY4OC0zNDM2M2JjN2M0YzAiOnsiY3JlYXRlIjoxODAwMDAwMDAwMDAwLCJkZWxldGUiOjE4MDAwMDAwMDAwMDAsInJlYWQiOjMwMDAwMDAwMDAwMCwidXBkYXRlIjoxODAwMDAwMDAwMDAwfX0=",
          "dependencies": [
            "azurerm_resource_group.rg",
            "azurerm_virtual_network.vnet",
            "random_string.myrandom"
          ]
        }
      ]
    },
    {
      "mode": "managed",
      "type": "azurerm_subnet",
      "name": "dbsubnet",
      "provider": "provider[\"registry.terraform.io/hashicorp/azurerm\"]",
      "instances": [
        {
          "schema_version": 0,
          "attributes": {
            "address_prefix": "10.1.21.0/24",
            "address_prefixes": [
              "10.1.21.0/24"
            ],
            "delegation": [],
            "enforce_private_link_endpoint_network_policies": false,
            "enforce_private_link_service_network_policies": false,
            "id": "/subscriptions/e2cfb4d1-0f82-4e02-b479-bb7896e8d4be/resourceGroups/devops-dev-rg-fmrtuf/providers/Microsoft.Network/virtualNetworks/devops-dev-vnet/subnets/devops-dev-vnet-dbsubnet",
            "name": "devops-dev-vnet-dbsubnet",
            "resource_group_name": "devops-dev-rg-fmrtuf",
            "service_endpoint_policy_ids": [],
            "service_endpoints": [],
            "timeouts": null,
            "virtual_network_name": "devops-dev-vnet"
          },
          "sensitive_attributes": [],
          "private": "eyJlMmJmYjczMC1lY2FhLTExZTYtOGY4OC0zNDM2M2JjN2M0YzAiOnsiY3JlYXRlIjoxODAwMDAwMDAwMDAwLCJkZWxldGUiOjE4MDAwMDAwMDAwMDAsInJlYWQiOjMwMDAwMDAwMDAwMCwidXBkYXRlIjoxODAwMDAwMDAwMDAwfX0=",
          "dependencies": [
            "azurerm_resource_group.rg",
            "azurerm_virtual_network.vnet",
            "random_string.myrandom"
          ]
        }
      ]
    },
    {
      "mode": "managed",
      "type": "azurerm_subnet",
      "name": "websubnet",
      "provider": "provider[\"registry.terraform.io/hashicorp/azurerm\"]",
      "instances": [
        {
          "schema_version": 0,
          "attributes": {
            "address_prefix": "10.1.1.0/24",
            "address_prefixes": [
              "10.1.1.0/24"
            ],
            "delegation": [],
            "enforce_private_link_endpoint_network_policies": false,
            "enforce_private_link_service_network_policies": false,
            "id": "/subscriptions/e2cfb4d1-0f82-4e02-b479-bb7896e8d4be/resourceGroups/devops-dev-rg-fmrtuf/providers/Microsoft.Network/virtualNetworks/devops-dev-vnet/subnets/devops-dev-vnet-websubnet",
            "name": "devops-dev-vnet-websubnet",
            "resource_group_name": "devops-dev-rg-fmrtuf",
            "service_endpoint_policy_ids": [],
            "service_endpoints": [],
            "timeouts": null,
            "virtual_network_name": "devops-dev-vnet"
          },
          "sensitive_attributes": [],
          "private": "eyJlMmJmYjczMC1lY2FhLTExZTYtOGY4OC0zNDM2M2JjN2M0YzAiOnsiY3JlYXRlIjoxODAwMDAwMDAwMDAwLCJkZWxldGUiOjE4MDAwMDAwMDAwMDAsInJlYWQiOjMwMDAwMDAwMDAwMCwidXBkYXRlIjoxODAwMDAwMDAwMDAwfX0=",
          "dependencies": [
            "azurerm_resource_group.rg",
            "azurerm_virtual_network.vnet",
            "random_string.myrandom"
          ]
        }
      ]
    },
    {
      "mode": "managed",
      "type": "azurerm_subnet_nat_gateway_association",
      "name": "appsubnet_nat_asso",
      "provider": "provider[\"registry.terraform.io/hashicorp/azurerm\"]",
      "instances": [
        {
          "schema_version": 0,
          "attributes": {
            "id": "/subscriptions/e2cfb4d1-0f82-4e02-b479-bb7896e8d4be/resourceGroups/devops-dev-rg-fmrtuf/providers/Microsoft.Network/virtualNetworks/devops-dev-vnet/subnets/devops-dev-vnet-appsubnet",
            "nat_gateway_id": "/subscriptions/e2cfb4d1-0f82-4e02-b479-bb7896e8d4be/resourceGroups/devops-dev-rg-fmrtuf/providers/Microsoft.Network/natGateways/nat-Gateway",
            "subnet_id": "/subscriptions/e2cfb4d1-0f82-4e02-b479-bb7896e8d4be/resourceGroups/devops-dev-rg-fmrtuf/providers/Microsoft.Network/virtualNetworks/devops-dev-vnet/subnets/devops-dev-vnet-appsubnet",
            "timeouts": null
          },
          "sensitive_attributes": [],
          "private": "eyJlMmJmYjczMC1lY2FhLTExZTYtOGY4OC0zNDM2M2JjN2M0YzAiOnsiY3JlYXRlIjoxODAwMDAwMDAwMDAwLCJkZWxldGUiOjE4MDAwMDAwMDAwMDAsInJlYWQiOjMwMDAwMDAwMDAwMCwidXBkYXRlIjoxODAwMDAwMDAwMDAwfX0=",
          "dependencies": [
            "azurerm_nat_gateway.ngw",
            "azurerm_subnet.appsubnet"
          ]
        }
      ]
    },
    {
      "mode": "managed",
      "type": "azurerm_subnet_nat_gateway_association",
      "name": "bastionsubnet_nat_asso",
      "provider": "provider[\"registry.terraform.io/hashicorp/azurerm\"]",
      "instances": [
        {
          "schema_version": 0,
          "attributes": {
            "id": "/subscriptions/e2cfb4d1-0f82-4e02-b479-bb7896e8d4be/resourceGroups/devops-dev-rg-fmrtuf/providers/Microsoft.Network/virtualNetworks/devops-dev-vnet/subnets/devops-dev-vnet-bastionsubnet",
            "nat_gateway_id": "/subscriptions/e2cfb4d1-0f82-4e02-b479-bb7896e8d4be/resourceGroups/devops-dev-rg-fmrtuf/providers/Microsoft.Network/natGateways/nat-Gateway",
            "subnet_id": "/subscriptions/e2cfb4d1-0f82-4e02-b479-bb7896e8d4be/resourceGroups/devops-dev-rg-fmrtuf/providers/Microsoft.Network/virtualNetworks/devops-dev-vnet/subnets/devops-dev-vnet-bastionsubnet",
            "timeouts": null
          },
          "sensitive_attributes": [],
          "private": "eyJlMmJmYjczMC1lY2FhLTExZTYtOGY4OC0zNDM2M2JjN2M0YzAiOnsiY3JlYXRlIjoxODAwMDAwMDAwMDAwLCJkZWxldGUiOjE4MDAwMDAwMDAwMDAsInJlYWQiOjMwMDAwMDAwMDAwMCwidXBkYXRlIjoxODAwMDAwMDAwMDAwfX0=",
          "dependencies": [
            "azurerm_nat_gateway.ngw",
            "azurerm_subnet.bastionsubnet"
          ]
        }
      ]
    },
    {
      "mode": "managed",
      "type": "azurerm_subnet_nat_gateway_association",
      "name": "dbsubnet_nat_asso",
      "provider": "provider[\"registry.terraform.io/hashicorp/azurerm\"]",
      "instances": [
        {
          "schema_version": 0,
          "attributes": {
            "id": "/subscriptions/e2cfb4d1-0f82-4e02-b479-bb7896e8d4be/resourceGroups/devops-dev-rg-fmrtuf/providers/Microsoft.Network/virtualNetworks/devops-dev-vnet/subnets/devops-dev-vnet-dbsubnet",
            "nat_gateway_id": "/subscriptions/e2cfb4d1-0f82-4e02-b479-bb7896e8d4be/resourceGroups/devops-dev-rg-fmrtuf/providers/Microsoft.Network/natGateways/nat-Gateway",
            "subnet_id": "/subscriptions/e2cfb4d1-0f82-4e02-b479-bb7896e8d4be/resourceGroups/devops-dev-rg-fmrtuf/providers/Microsoft.Network/virtualNetworks/devops-dev-vnet/subnets/devops-dev-vnet-dbsubnet",
            "timeouts": null
          },
          "sensitive_attributes": [],
          "private": "eyJlMmJmYjczMC1lY2FhLTExZTYtOGY4OC0zNDM2M2JjN2M0YzAiOnsiY3JlYXRlIjoxODAwMDAwMDAwMDAwLCJkZWxldGUiOjE4MDAwMDAwMDAwMDAsInJlYWQiOjMwMDAwMDAwMDAwMCwidXBkYXRlIjoxODAwMDAwMDAwMDAwfX0=",
          "dependencies": [
            "azurerm_nat_gateway.ngw",
            "azurerm_subnet.dbsubnet"
          ]
        }
      ]
    },
    {
      "mode": "managed",
      "type": "azurerm_subnet_nat_gateway_association",
      "name": "websubnet_nat_asso",
      "provider": "provider[\"registry.terraform.io/hashicorp/azurerm\"]",
      "instances": [
        {
          "schema_version": 0,
          "attributes": {
            "id": "/subscriptions/e2cfb4d1-0f82-4e02-b479-bb7896e8d4be/resourceGroups/devops-dev-rg-fmrtuf/providers/Microsoft.Network/virtualNetworks/devops-dev-vnet/subnets/devops-dev-vnet-websubnet",
            "nat_gateway_id": "/subscriptions/e2cfb4d1-0f82-4e02-b479-bb7896e8d4be/resourceGroups/devops-dev-rg-fmrtuf/providers/Microsoft.Network/natGateways/nat-Gateway",
            "subnet_id": "/subscriptions/e2cfb4d1-0f82-4e02-b479-bb7896e8d4be/resourceGroups/devops-dev-rg-fmrtuf/providers/Microsoft.Network/virtualNetworks/devops-dev-vnet/subnets/devops-dev-vnet-websubnet",
            "timeouts": null
          },
          "sensitive_attributes": [],
          "private": "eyJlMmJmYjczMC1lY2FhLTExZTYtOGY4OC0zNDM2M2JjN2M0YzAiOnsiY3JlYXRlIjoxODAwMDAwMDAwMDAwLCJkZWxldGUiOjE4MDAwMDAwMDAwMDAsInJlYWQiOjMwMDAwMDAwMDAwMCwidXBkYXRlIjoxODAwMDAwMDAwMDAwfX0=",
          "dependencies": [
            "azurerm_nat_gateway.ngw",
            "azurerm_subnet.websubnet"
          ]
        }
      ]
    },
    {
      "mode": "managed",
      "type": "azurerm_subnet_network_security_group_association",
      "name": "app_subnet_nsg_associate",
      "provider": "provider[\"registry.terraform.io/hashicorp/azurerm\"]",
      "instances": [
        {
          "schema_version": 0,
          "attributes": {
            "id": "/subscriptions/e2cfb4d1-0f82-4e02-b479-bb7896e8d4be/resourceGroups/devops-dev-rg-fmrtuf/providers/Microsoft.Network/virtualNetworks/devops-dev-vnet/subnets/devops-dev-vnet-appsubnet",
            "network_security_group_id": "/subscriptions/e2cfb4d1-0f82-4e02-b479-bb7896e8d4be/resourceGroups/devops-dev-rg-fmrtuf/providers/Microsoft.Network/networkSecurityGroups/devops-dev-vnet-appsubnet-nsg",
            "subnet_id": "/subscriptions/e2cfb4d1-0f82-4e02-b479-bb7896e8d4be/resourceGroups/devops-dev-rg-fmrtuf/providers/Microsoft.Network/virtualNetworks/devops-dev-vnet/subnets/devops-dev-vnet-appsubnet",
            "timeouts": null
          },
          "sensitive_attributes": [],
          "private": "eyJlMmJmYjczMC1lY2FhLTExZTYtOGY4OC0zNDM2M2JjN2M0YzAiOnsiY3JlYXRlIjoxODAwMDAwMDAwMDAwLCJkZWxldGUiOjE4MDAwMDAwMDAwMDAsInJlYWQiOjMwMDAwMDAwMDAwMCwidXBkYXRlIjoxODAwMDAwMDAwMDAwfX0=",
          "dependencies": [
            "azurerm_network_security_rule.app_nsg_rule_inbound",
            "azurerm_resource_group.rg",
            "azurerm_subnet.appsubnet",
            "azurerm_virtual_network.vnet",
            "random_string.myrandom",
            "azurerm_network_security_group.app_subnet_nsg"
          ]
        }
      ]
    },
    {
      "mode": "managed",
      "type": "azurerm_subnet_network_security_group_association",
      "name": "bastion_subnet_nsg_associate",
      "provider": "provider[\"registry.terraform.io/hashicorp/azurerm\"]",
      "instances": [
        {
          "schema_version": 0,
          "attributes": {
            "id": "/subscriptions/e2cfb4d1-0f82-4e02-b479-bb7896e8d4be/resourceGroups/devops-dev-rg-fmrtuf/providers/Microsoft.Network/virtualNetworks/devops-dev-vnet/subnets/devops-dev-vnet-bastionsubnet",
            "network_security_group_id": "/subscriptions/e2cfb4d1-0f82-4e02-b479-bb7896e8d4be/resourceGroups/devops-dev-rg-fmrtuf/providers/Microsoft.Network/networkSecurityGroups/devops-dev-vnet-bastionsubnet-nsg",
            "subnet_id": "/subscriptions/e2cfb4d1-0f82-4e02-b479-bb7896e8d4be/resourceGroups/devops-dev-rg-fmrtuf/providers/Microsoft.Network/virtualNetworks/devops-dev-vnet/subnets/devops-dev-vnet-bastionsubnet",
            "timeouts": null
          },
          "sensitive_attributes": [],
          "private": "eyJlMmJmYjczMC1lY2FhLTExZTYtOGY4OC0zNDM2M2JjN2M0YzAiOnsiY3JlYXRlIjoxODAwMDAwMDAwMDAwLCJkZWxldGUiOjE4MDAwMDAwMDAwMDAsInJlYWQiOjMwMDAwMDAwMDAwMCwidXBkYXRlIjoxODAwMDAwMDAwMDAwfX0=",
          "dependencies": [
            "azurerm_network_security_group.bastion_subnet_nsg",
            "azurerm_network_security_rule.bastion_nsg_rule_inbound",
            "azurerm_resource_group.rg",
            "azurerm_subnet.bastionsubnet",
            "azurerm_virtual_network.vnet",
            "random_string.myrandom"
          ]
        }
      ]
    },
    {
      "mode": "managed",
      "type": "azurerm_subnet_network_security_group_association",
      "name": "db_subnet_nsg_associate",
      "provider": "provider[\"registry.terraform.io/hashicorp/azurerm\"]",
      "instances": [
        {
          "schema_version": 0,
          "attributes": {
            "id": "/subscriptions/e2cfb4d1-0f82-4e02-b479-bb7896e8d4be/resourceGroups/devops-dev-rg-fmrtuf/providers/Microsoft.Network/virtualNetworks/devops-dev-vnet/subnets/devops-dev-vnet-dbsubnet",
            "network_security_group_id": "/subscriptions/e2cfb4d1-0f82-4e02-b479-bb7896e8d4be/resourceGroups/devops-dev-rg-fmrtuf/providers/Microsoft.Network/networkSecurityGroups/devops-dev-vnet-dbsubnet-nsg",
            "subnet_id": "/subscriptions/e2cfb4d1-0f82-4e02-b479-bb7896e8d4be/resourceGroups/devops-dev-rg-fmrtuf/providers/Microsoft.Network/virtualNetworks/devops-dev-vnet/subnets/devops-dev-vnet-dbsubnet",
            "timeouts": null
          },
          "sensitive_attributes": [],
          "private": "eyJlMmJmYjczMC1lY2FhLTExZTYtOGY4OC0zNDM2M2JjN2M0YzAiOnsiY3JlYXRlIjoxODAwMDAwMDAwMDAwLCJkZWxldGUiOjE4MDAwMDAwMDAwMDAsInJlYWQiOjMwMDAwMDAwMDAwMCwidXBkYXRlIjoxODAwMDAwMDAwMDAwfX0=",
          "dependencies": [
            "azurerm_network_security_group.db_subnet_nsg",
            "azurerm_network_security_rule.db_nsg_rule_inbound",
            "azurerm_resource_group.rg",
            "azurerm_subnet.dbsubnet",
            "azurerm_virtual_network.vnet",
            "random_string.myrandom"
          ]
        }
      ]
    },
    {
      "mode": "managed",
      "type": "azurerm_subnet_network_security_group_association",
      "name": "web_subnet_nsg_associate",
      "provider": "provider[\"registry.terraform.io/hashicorp/azurerm\"]",
      "instances": [
        {
          "schema_version": 0,
          "attributes": {
            "id": "/subscriptions/e2cfb4d1-0f82-4e02-b479-bb7896e8d4be/resourceGroups/devops-dev-rg-fmrtuf/providers/Microsoft.Network/virtualNetworks/devops-dev-vnet/subnets/devops-dev-vnet-websubnet",
            "network_security_group_id": "/subscriptions/e2cfb4d1-0f82-4e02-b479-bb7896e8d4be/resourceGroups/devops-dev-rg-fmrtuf/providers/Microsoft.Network/networkSecurityGroups/devops-dev-vnet-websubnet-nsg",
            "subnet_id": "/subscriptions/e2cfb4d1-0f82-4e02-b479-bb7896e8d4be/resourceGroups/devops-dev-rg-fmrtuf/providers/Microsoft.Network/virtualNetworks/devops-dev-vnet/subnets/devops-dev-vnet-websubnet",
            "timeouts": null
          },
          "sensitive_attributes": [],
          "private": "eyJlMmJmYjczMC1lY2FhLTExZTYtOGY4OC0zNDM2M2JjN2M0YzAiOnsiY3JlYXRlIjoxODAwMDAwMDAwMDAwLCJkZWxldGUiOjE4MDAwMDAwMDAwMDAsInJlYWQiOjMwMDAwMDAwMDAwMCwidXBkYXRlIjoxODAwMDAwMDAwMDAwfX0=",
          "dependencies": [
            "azurerm_network_security_group.web_subnet_nsg",
            "azurerm_network_security_rule.web_nsg_rule_inbound",
            "azurerm_resource_group.rg",
            "azurerm_subnet.websubnet",
            "azurerm_virtual_network.vnet",
            "random_string.myrandom"
          ]
        }
      ]
    },
    {
      "mode": "managed",
      "type": "azurerm_virtual_network",
      "name": "vnet",
      "provider": "provider[\"registry.terraform.io/hashicorp/azurerm\"]",
      "instances": [
        {
          "schema_version": 0,
          "attributes": {
            "address_space": [
              "10.1.0.0/16"
            ],
            "bgp_community": "",
            "ddos_protection_plan": [],
            "dns_servers": [],
            "flow_timeout_in_minutes": 0,
            "guid": "acbe7847-097b-42a1-a61a-a071f8df8147",
            "id": "/subscriptions/e2cfb4d1-0f82-4e02-b479-bb7896e8d4be/resourceGroups/devops-dev-rg-fmrtuf/providers/Microsoft.Network/virtualNetworks/devops-dev-vnet",
            "location": "eastus",
            "name": "devops-dev-vnet",
            "resource_group_name": "devops-dev-rg-fmrtuf",
            "subnet": [
              {
                "address_prefix": "10.1.1.0/24",
                "id": "/subscriptions/e2cfb4d1-0f82-4e02-b479-bb7896e8d4be/resourceGroups/devops-dev-rg-fmrtuf/providers/Microsoft.Network/virtualNetworks/devops-dev-vnet/subnets/devops-dev-vnet-websubnet",
                "name": "devops-dev-vnet-websubnet",
                "security_group": "/subscriptions/e2cfb4d1-0f82-4e02-b479-bb7896e8d4be/resourceGroups/devops-dev-rg-fmrtuf/providers/Microsoft.Network/networkSecurityGroups/devops-dev-vnet-websubnet-nsg"
              },
              {
                "address_prefix": "10.1.100.0/24",
                "id": "/subscriptions/e2cfb4d1-0f82-4e02-b479-bb7896e8d4be/resourceGroups/devops-dev-rg-fmrtuf/providers/Microsoft.Network/virtualNetworks/devops-dev-vnet/subnets/devops-dev-vnet-bastionsubnet",
                "name": "devops-dev-vnet-bastionsubnet",
                "security_group": "/subscriptions/e2cfb4d1-0f82-4e02-b479-bb7896e8d4be/resourceGroups/devops-dev-rg-fmrtuf/providers/Microsoft.Network/networkSecurityGroups/devops-dev-vnet-bastionsubnet-nsg"
              },
              {
                "address_prefix": "10.1.11.0/24",
                "id": "/subscriptions/e2cfb4d1-0f82-4e02-b479-bb7896e8d4be/resourceGroups/devops-dev-rg-fmrtuf/providers/Microsoft.Network/virtualNetworks/devops-dev-vnet/subnets/devops-dev-vnet-appsubnet",
                "name": "devops-dev-vnet-appsubnet",
                "security_group": "/subscriptions/e2cfb4d1-0f82-4e02-b479-bb7896e8d4be/resourceGroups/devops-dev-rg-fmrtuf/providers/Microsoft.Network/networkSecurityGroups/devops-dev-vnet-appsubnet-nsg"
              },
              {
                "address_prefix": "10.1.21.0/24",
                "id": "/subscriptions/e2cfb4d1-0f82-4e02-b479-bb7896e8d4be/resourceGroups/devops-dev-rg-fmrtuf/providers/Microsoft.Network/virtualNetworks/devops-dev-vnet/subnets/devops-dev-vnet-dbsubnet",
                "name": "devops-dev-vnet-dbsubnet",
                "security_group": "/subscriptions/e2cfb4d1-0f82-4e02-b479-bb7896e8d4be/resourceGroups/devops-dev-rg-fmrtuf/providers/Microsoft.Network/networkSecurityGroups/devops-dev-vnet-dbsubnet-nsg"
              }
            ],
            "tags": {
              "environment": "dev",
              "owners": "devops"
            },
            "timeouts": null,
            "vm_protection_enabled": false
          },
          "sensitive_attributes": [],
          "private": "eyJlMmJmYjczMC1lY2FhLTExZTYtOGY4OC0zNDM2M2JjN2M0YzAiOnsiY3JlYXRlIjoxODAwMDAwMDAwMDAwLCJkZWxldGUiOjE4MDAwMDAwMDAwMDAsInJlYWQiOjMwMDAwMDAwMDAwMCwidXBkYXRlIjoxODAwMDAwMDAwMDAwfX0=",
          "dependencies": [
            "azurerm_resource_group.rg",
            "random_string.myrandom"
          ]
        }
      ]
    },
    {
      "mode": "managed",
      "type": "random_string",
      "name": "myrandom",
      "provider": "provider[\"registry.terraform.io/hashicorp/random\"]",
      "instances": [
        {
          "schema_version": 1,
          "attributes": {
            "id": "fmrtuf",
            "keepers": null,
            "length": 6,
            "lower": true,
            "min_lower": 0,
            "min_numeric": 0,
            "min_special": 0,
            "min_upper": 0,
            "number": false,
            "override_special": null,
            "result": "fmrtuf",
            "special": false,
            "upper": false
          },
          "sensitive_attributes": [],
          "private": "eyJzY2hlbWFfdmVyc2lvbiI6IjEifQ=="
        }
      ]
    }
  ]
}
